# Generated from the GhostPilot local VAD environment on Python 3.12 / Windows.
# Refresh deliberately after changing pyproject.toml dependencies.
-e .
annotated-doc==0.0.5
annotated-types==0.8.0
anyio==4.15.0
cffi==2.1.1
click==8.5.0
fastapi==0.141.1
h11==0.16.0
httptools==0.8.0
idna==3.19
numpy==2.5.2
pycparser==3.0
pydantic==2.13.5
pydantic-core==2.46.5
python-dotenv==1.2.3
PyYAML==6.0.3
setuptools==84.0.0
sounddevice==0.5.6
starlette==1.6.0
typing-extensions==4.16.0
typing-inspection==0.4.4
uvicorn==0.52.4
watchfiles==1.2.0
websockets==17.1
